// !$*UTF8*$!
{
	archiveVersion = 1;
	classes = {
	};
	objectVersion = 50;
	objects = {

/* Begin PBXBuildFile section */
		1518B70D25EDB785007EDCED /* AppDelegate.swift in Sources */ = {isa = PBXBuildFile; fileRef = 1518B70C25EDB785007EDCED /* AppDelegate.swift */; };
		1518B70F25EDB785007EDCED /* SceneDelegate.swift in Sources */ = {isa = PBXBuildFile; fileRef = 1518B70E25EDB785007EDCED /* SceneDelegate.swift */; };
		1518B71125EDB785007EDCED /* ViewController.swift in Sources */ = {isa = PBXBuildFile; fileRef = 1518B71025EDB785007EDCED /* ViewController.swift */; };
		1518B71425EDB785007EDCED /* Main.storyboard in Resources */ = {isa = PBXBuildFile; fileRef = 1518B71225EDB785007EDCED /* Main.storyboard */; };
		1518B71725EDB785007EDCED /* Marvel.xcdatamodeld in Sources */ = {isa = PBXBuildFile; fileRef = 1518B71525EDB785007EDCED /* Marvel.xcdatamodeld */; };
		1518B71925EDB786007EDCED /* Assets.xcassets in Resources */ = {isa = PBXBuildFile; fileRef = 1518B71825EDB786007EDCED /* Assets.xcassets */; };
		1518B71C25EDB786007EDCED /* LaunchScreen.storyboard in Resources */ = {isa = PBXBuildFile; fileRef = 1518B71A25EDB786007EDCED /* LaunchScreen.storyboard */; };
		1518B72725EDB787007EDCED /* MarvelTests.swift in Sources */ = {isa = PBXBuildFile; fileRef = 1518B72625EDB787007EDCED /* MarvelTests.swift */; };
		1518B73225EDB787007EDCED /* MarvelUITests.swift in Sources */ = {isa = PBXBuildFile; fileRef = 1518B73125EDB787007EDCED /* MarvelUITests.swift */; };
/* End PBXBuildFile section */

/* Begin PBXContainerItemProxy section */
		1518B72325EDB787007EDCED /* PBXContainerItemProxy */ = {
			isa = PBXContainerItemProxy;
			containerPortal = 1518B70125EDB785007EDCED /* Project object */;
			proxyType = 1;
			remoteGlobalIDString = 1518B70825EDB785007EDCED;
			remoteInfo = Marvel;
		};
		1518B72E25EDB787007EDCED /* PBXContainerItemProxy */ = {
			isa = PBXContainerItemProxy;
			containerPortal = 1518B70125EDB785007EDCED /* Project object */;
			proxyType = 1;
			remoteGlobalIDString = 1518B70825EDB785007EDCED;
			remoteInfo = Marvel;
		};
/* End PBXContainerItemProxy section */

/* Begin PBXFileReference section */
		1518B70925EDB785007EDCED /* Marvel.app */ = {isa = PBXFileReference; explicitFileType = wrapper.application; includeInIndex = 0; path = Marvel.app; sourceTree = BUILT_PRODUCTS_DIR; };
		1518B70C25EDB785007EDCED /* AppDelegate.swift */ = {isa = PBXFileReference; lastKnownFileType = sourcecode.swift; path = AppDelegate.swift; sourceTree = "<group>"; };
		1518B70E25EDB785007EDCED /* SceneDelegate.swift */ = {isa = PBXFileReference; lastKnownFileType = sourcecode.swift; path = SceneDelegate.swift; sourceTree = "<group>"; };
		1518B71025EDB785007EDCED /* ViewController.swift */ = {isa = PBXFileReference; lastKnownFileType = sourcecode.swift; path = ViewController.swift; sourceTree = "<group>"; };
		1518B71325EDB785007EDCED /* Base */ = {isa = PBXFileReference; lastKnownFileType = file.storyboard; name = Base; path = Base.lproj/Main.storyboard; sourceTree = "<group>"; };
		1518B71625EDB785007EDCED /* Marvel.xcdatamodel */ = {isa = PBXFileReference; lastKnownFileType = wrapper.xcdatamodel; path = Marvel.xcdatamodel; sourceTree = "<group>"; };
		1518B71825EDB786007EDCED /* Assets.xcassets */ = {isa = PBXFileReference; lastKnownFileType = folder.assetcatalog; path = Assets.xcassets; sourceTree = "<group>"; };
		1518B71B25EDB786007EDCED /* Base */ = {isa = PBXFileReference; lastKnownFileType = file.storyboard; name = Base; path = Base.lproj/LaunchScreen.storyboard; sourceTree = "<group>"; };
		1518B71D25EDB786007EDCED /* Info.plist */ = {isa = PBXFileReference; lastKnownFileType = text.plist.xml; path = Info.plist; sourceTree = "<group>"; };
		1518B72225EDB787007EDCED /* MarvelTests.xctest */ = {isa = PBXFileReference; explicitFileType = wrapper.cfbundle; includeInIndex = 0; path = MarvelTests.xctest; sourceTree = BUILT_PRODUCTS_DIR; };
		1518B72625EDB787007EDCED /* MarvelTests.swift */ = {isa = PBXFileReference; lastKnownFileType = sourcecode.swift; path = MarvelTests.swift; sourceTree = "<group>"; };
		1518B72825EDB787007EDCED /* Info.plist */ = {isa = PBXFileReference; lastKnownFileType = text.plist.xml; path = Info.plist; sourceTree = "<group>"; };
		1518B72D25EDB787007EDCED /* MarvelUITests.xctest */ = {isa = PBXFileReference; explicitFileType = wrapper.cfbundle; includeInIndex = 0; path = MarvelUITests.xctest; sourceTree = BUILT_PRODUCTS_DIR; };
		1518B73125EDB787007EDCED /* MarvelUITests.swift */ = {isa = PBXFileReference; lastKnownFileType = sourcecode.swift; path = MarvelUITests.swift; sourceTree = "<group>"; };
		1518B73325EDB787007EDCED /* Info.plist */ = {isa = PBXFileReference; lastKnownFileType = text.plist.xml; path = Info.plist; sourceTree = "<group>"; };
/* End PBXFileReference section */

/* Begin PBXFrameworksBuildPhase section */
		1518B70625EDB785007EDCED /* Frameworks */ = {
			isa = PBXFrameworksBuildPhase;
			buildActionMask = 2147483647;
			files = (
			);
			runOnlyForDeploymentPostprocessing = 0;
		};
		1518B71F25EDB787007EDCED /* Frameworks */ = {
			isa = PBXFrameworksBuildPhase;
			buildActionMask = 2147483647;
			files = (
			);
			runOnlyForDeploymentPostprocessing = 0;
		};
		1518B72A25EDB787007EDCED /* Frameworks */ = {
			isa = PBXFrameworksBuildPhase;
			buildActionMask = 2147483647;
			files = (
			);
			runOnlyForDeploymentPostprocessing = 0;
		};
/* End PBXFrameworksBuildPhase section */

/* Begin PBXGroup section */
		1518B70025EDB785007EDCED = {
			isa = PBXGroup;
			children = (
				1518B70B25EDB785007EDCED /* Marvel */,
				1518B72525EDB787007EDCED /* MarvelTests */,
				1518B73025EDB787007EDCED /* MarvelUITests */,
				1518B70A25EDB785007EDCED /* Products */,
			);
			sourceTree = "<group>";
		};
		1518B70A25EDB785007EDCED /* Products */ = {
			isa = PBXGroup;
			children = (
				1518B70925EDB785007EDCED /* Marvel.app */,
				1518B72225EDB787007EDCED /* MarvelTests.xctest */,
				1518B72D25EDB787007EDCED /* MarvelUITests.xctest */,
			);
			name = Products;
			sourceTree = "<group>";
		};
		1518B70B25EDB785007EDCED /* Marvel */ = {
			isa = PBXGroup;
			children = (
				1518B70C25EDB785007EDCED /* AppDelegate.swift */,
				1518B70E25EDB785007EDCED /* SceneDelegate.swift */,
				1518B71025EDB785007EDCED /* ViewController.swift */,
				1518B71225EDB785007EDCED /* Main.storyboard */,
				1518B71825EDB786007EDCED /* Assets.xcassets */,
				1518B71A25EDB786007EDCED /* LaunchScreen.storyboard */,
				1518B71D25EDB786007EDCED /* Info.plist */,
				1518B71525EDB785007EDCED /* Marvel.xcdatamodeld */,
			);
			path = Marvel;
			sourceTree = "<group>";
		};
		1518B72525EDB787007EDCED /* MarvelTests */ = {
			isa = PBXGroup;
			children = (
				1518B72625EDB787007EDCED /* MarvelTests.swift */,
				1518B72825EDB787007EDCED /* Info.plist */,
			);
			path = MarvelTests;
			sourceTree = "<group>";
		};
		1518B73025EDB787007EDCED /* MarvelUITests */ = {
			isa = PBXGroup;
			children = (
				1518B73125EDB787007EDCED /* MarvelUITests.swift */,
				1518B73325EDB787007EDCED /* Info.plist */,
			);
			path = MarvelUITests;
			sourceTree = "<group>";
		};
/* End PBXGroup section */

/* Begin PBXNativeTarget section */
		1518B70825EDB785007EDCED /* Marvel */ = {
			isa = PBXNativeTarget;
			buildConfigurationList = 1518B73625EDB787007EDCED /* Build configuration list for PBXNativeTarget "Marvel" */;
			buildPhases = (
				1518B70525EDB785007EDCED /* Sources */,
				1518B70625EDB785007EDCED /* Frameworks */,
				1518B70725EDB785007EDCED /* Resources */,
			);
			buildRules = (
			);
			dependencies = (
			);
			name = Marvel;
			productName = Marvel;
			productReference = 1518B70925EDB785007EDCED /* Marvel.app */;
			productType = "com.apple.product-type.application";
		};
		1518B72125EDB787007EDCED /* MarvelTests */ = {
			isa = PBXNativeTarget;
			buildConfigurationList = 1518B73925EDB787007EDCED /* Build configuration list for PBXNativeTarget "MarvelTests" */;
			buildPhases = (
				1518B71E25EDB787007EDCED /* Sources */,
				1518B71F25EDB787007EDCED /* Frameworks */,
				1518B72025EDB787007EDCED /* Resources */,
			);
			buildRules = (
			);
			dependencies = (
				1518B72425EDB787007EDCED /* PBXTargetDependency */,
			);
			name = MarvelTests;
			productName = MarvelTests;
			productReference = 1518B72225EDB787007EDCED /* MarvelTests.xctest */;
			productType = "com.apple.product-type.bundle.unit-test";
		};
		1518B72C25EDB787007EDCED /* MarvelUITests */ = {
			isa = PBXNativeTarget;
			buildConfigurationList = 1518B73C25EDB787007EDCED /* Build configuration list for PBXNativeTarget "MarvelUITests" */;
			buildPhases = (
				1518B72925EDB787007EDCED /* Sources */,
				1518B72A25EDB787007EDCED /* Frameworks */,
				1518B72B25EDB787007EDCED /* Resources */,
			);
			buildRules = (
			);
			dependencies = (
				1518B72F25EDB787007EDCED /* PBXTargetDependency */,
			);
			name = MarvelUITests;
			productName = MarvelUITests;
			productReference = 1518B72D25EDB787007EDCED /* MarvelUITests.xctest */;
			productType = "com.apple.product-type.bundle.ui-testing";
		};
/* End PBXNativeTarget section */

/* Begin PBXProject section */
		1518B70125EDB785007EDCED /* Project object */ = {
			isa = PBXProject;
			attributes = {
				LastSwiftUpdateCheck = 1240;
				LastUpgradeCheck = 1240;
				TargetAttributes = {
					1518B70825EDB785007EDCED = {
						CreatedOnToolsVersion = 12.4;
					};
					1518B72125EDB787007EDCED = {
						CreatedOnToolsVersion = 12.4;
						TestTargetID = 1518B70825EDB785007EDCED;
					};
					1518B72C25EDB787007EDCED = {
						CreatedOnToolsVersion = 12.4;
						TestTargetID = 1518B70825EDB785007EDCED;
					};
				};
			};
			buildConfigurationList = 1518B70425EDB785007EDCED /* Build configuration list for PBXProject "Marvel" */;
			compatibilityVersion = "Xcode 9.3";
			developmentRegion = en;
			hasScannedForEncodings = 0;
			knownRegions = (
				en,
				Base,
			);
			mainGroup = 1518B70025EDB785007EDCED;
			productRefGroup = 1518B70A25EDB785007EDCED /* Products */;
			projectDirPath = "";
			projectRoot = "";
			targets = (
				1518B70825EDB785007EDCED /* Marvel */,
				1518B72125EDB787007EDCED /* MarvelTests */,
				1518B72C25EDB787007EDCED /* MarvelUITests */,
			);
		};
/* End PBXProject section */

/* Begin PBXResourcesBuildPhase section */
		1518B70725EDB785007EDCED /* Resources */ = {
			isa = PBXResourcesBuildPhase;
			buildActionMask = 2147483647;
			files = (
				1518B71C25EDB786007EDCED /* LaunchScreen.storyboard in Resources */,
				1518B71925EDB786007EDCED /* Assets.xcassets in Resources */,
				1518B71425EDB785007EDCED /* Main.storyboard in Resources */,
			);
			runOnlyForDeploymentPostprocessing = 0;
		};
		1518B72025EDB787007EDCED /* Resources */ = {
			isa = PBXResourcesBuildPhase;
			buildActionMask = 2147483647;
			files = (
			);
			runOnlyForDeploymentPostprocessing = 0;
		};
		1518B72B25EDB787007EDCED /* Resources */ = {
			isa = PBXResourcesBuildPhase;
			buildActionMask = 2147483647;
			files = (
			);
			runOnlyForDeploymentPostprocessing = 0;
		};
/* End PBXResourcesBuildPhase section */

/* Begin PBXSourcesBuildPhase section */
		1518B70525EDB785007EDCED /* Sources */ = {
			isa = PBXSourcesBuildPhase;
			buildActionMask = 2147483647;
			files = (
				1518B71125EDB785007EDCED /* ViewController.swift in Sources */,
				1518B70D25EDB785007EDCED /* AppDelegate.swift in Sources */,
				1518B71725EDB785007EDCED /* Marvel.xcdatamodeld in Sources */,
				1518B70F25EDB785007EDCED /* SceneDelegate.swift in Sources */,
			);
			runOnlyForDeploymentPostprocessing = 0;
		};
		1518B71E25EDB787007EDCED /* Sources */ = {
			isa = PBXSourcesBuildPhase;
			buildActionMask = 2147483647;
			files = (
				1518B72725EDB787007EDCED /* MarvelTests.swift in Sources */,
			);
			runOnlyForDeploymentPostprocessing = 0;
		};
		1518B72925EDB787007EDCED /* Sources */ = {
			isa = PBXSourcesBuildPhase;
			buildActionMask = 2147483647;
			files = (
				1518B73225EDB787007EDCED /* MarvelUITests.swift in Sources */,
			);
			runOnlyForDeploymentPostprocessing = 0;
		};
/* End PBXSourcesBuildPhase section */

/* Begin PBXTargetDependency section */
		1518B72425EDB787007EDCED /* PBXTargetDependency */ = {
			isa = PBXTargetDependency;
			target = 1518B70825EDB785007EDCED /* Marvel */;
			targetProxy = 1518B72325EDB787007EDCED /* PBXContainerItemProxy */;
		};
		1518B72F25EDB787007EDCED /* PBXTargetDependency */ = {
			isa = PBXTargetDependency;
			target = 1518B70825EDB785007EDCED /* Marvel */;
			targetProxy = 1518B72E25EDB787007EDCED /* PBXContainerItemProxy */;
		};
/* End PBXTargetDependency section */

/* Begin PBXVariantGroup section */
		1518B71225EDB785007EDCED /* Main.storyboard */ = {
			isa = PBXVariantGroup;
			children = (
				1518B71325EDB785007EDCED /* Base */,
			);
			name = Main.storyboard;
			sourceTree = "<group>";
		};
		1518B71A25EDB786007EDCED /* LaunchScreen.storyboard */ = {
			isa = PBXVariantGroup;
			children = (
				1518B71B25EDB786007EDCED /* Base */,
			);
			name = LaunchScreen.storyboard;
			sourceTree = "<group>";
		};
/* End PBXVariantGroup section */

/* Begin XCBuildConfiguration section */
		1518B73425EDB787007EDCED /* Debug */ = {
			isa = XCBuildConfiguration;
			buildSettings = {
				ALWAYS_SEARCH_USER_PATHS = NO;
				CLANG_ANALYZER_NONNULL = YES;
				CLANG_ANALYZER_NUMBER_OBJECT_CONVERSION = YES_AGGRESSIVE;
				CLANG_CXX_LANGUAGE_STANDARD = "gnu++14";
				CLANG_CXX_LIBRARY = "libc++";
				CLANG_ENABLE_MODULES = YES;
				CLANG_ENABLE_OBJC_ARC = YES;
				CLANG_ENABLE_OBJC_WEAK = YES;
				CLANG_WARN_BLOCK_CAPTURE_AUTORELEASING = YES;
				CLANG_WARN_BOOL_CONVERSION = YES;
				CLANG_WARN_COMMA = YES;
				CLANG_WARN_CONSTANT_CONVERSION = YES;
				CLANG_WARN_DEPRECATED_OBJC_IMPLEMENTATIONS = YES;
				CLANG_WARN_DIRECT_OBJC_ISA_USAGE = YES_ERROR;
				CLANG_WARN_DOCUMENTATION_COMMENTS = YES;
				CLANG_WARN_EMPTY_BODY = YES;
				CLANG_WARN_ENUM_CONVERSION = YES;
				CLANG_WARN_INFINITE_RECURSION = YES;
				CLANG_WARN_INT_CONVERSION = YES;
				CLANG_WARN_NON_LITERAL_NULL_CONVERSION = YES;
				CLANG_WARN_OBJC_IMPLICIT_RETAIN_SELF = YES;
				CLANG_WARN_OBJC_LITERAL_CONVERSION = YES;
				CLANG_WARN_OBJC_ROOT_CLASS = YES_ERROR;
				CLANG_WARN_QUOTED_INCLUDE_IN_FRAMEWORK_HEADER = YES;
				CLANG_WARN_RANGE_LOOP_ANALYSIS = YES;
				CLANG_WARN_STRICT_PROTOTYPES = YES;
				CLANG_WARN_SUSPICIOUS_MOVE = YES;
				CLANG_WARN_UNGUARDED_AVAILABILITY = YES_AGGRESSIVE;
				CLANG_WARN_UNREACHABLE_CODE = YES;
				CLANG_WARN__DUPLICATE_METHOD_MATCH = YES;
				COPY_PHASE_STRIP = NO;
				DEBUG_INFORMATION_FORMAT = dwarf;
				ENABLE_STRICT_OBJC_MSGSEND = YES;
				ENABLE_TESTABILITY = YES;
				GCC_C_LANGUAGE_STANDARD = gnu11;
				GCC_DYNAMIC_NO_PIC = NO;
				GCC_NO_COMMON_BLOCKS = YES;
				GCC_OPTIMIZATION_LEVEL = 0;
				GCC_PREPROCESSOR_DEFINITIONS = (
					"DEBUG=1",
					"$(inherited)",
				);
				GCC_WARN_64_TO_32_BIT_CONVERSION = YES;
				GCC_WARN_ABOUT_RETURN_TYPE = YES_ERROR;
				GCC_WARN_UNDECLARED_SELECTOR = YES;
				GCC_WARN_UNINITIALIZED_AUTOS = YES_AGGRESSIVE;
				GCC_WARN_UNUSED_FUNCTION = YES;
				GCC_WARN_UNUSED_VARIABLE = YES;
				IPHONEOS_DEPLOYMENT_TARGET = 14.4;
				MTL_ENABLE_DEBUG_INFO = INCLUDE_SOURCE;
				MTL_FAST_MATH = YES;
				ONLY_ACTIVE_ARCH = YES;
				SDKROOT = iphoneos;
				SWIFT_ACTIVE_COMPILATION_CONDITIONS = DEBUG;
				SWIFT_OPTIMIZATION_LEVEL = "-Onone";
			};
			name = Debug;
		};
		1518B73525EDB787007EDCED /* Release */ = {
			isa = XCBuildConfiguration;
			buildSettings = {
				ALWAYS_SEARCH_USER_PATHS = NO;
				CLANG_ANALYZER_NONNULL = YES;
				CLANG_ANALYZER_NUMBER_OBJECT_CONVERSION = YES_AGGRESSIVE;
				CLANG_CXX_LANGUAGE_STANDARD = "gnu++14";
				CLANG_CXX_LIBRARY = "libc++";
				CLANG_ENABLE_MODULES = YES;
				CLANG_ENABLE_OBJC_ARC = YES;
				CLANG_ENABLE_OBJC_WEAK = YES;
				CLANG_WARN_BLOCK_CAPTURE_AUTORELEASING = YES;
				CLANG_WARN_BOOL_CONVERSION = YES;
				CLANG_WARN_COMMA = YES;
				CLANG_WARN_CONSTANT_CONVERSION = YES;
				CLANG_WARN_DEPRECATED_OBJC_IMPLEMENTATIONS = YES;
				CLANG_WARN_DIRECT_OBJC_ISA_USAGE = YES_ERROR;
				CLANG_WARN_DOCUMENTATION_COMMENTS = YES;
				CLANG_WARN_EMPTY_BODY = YES;
				CLANG_WARN_ENUM_CONVERSION = YES;
				CLANG_WARN_INFINITE_RECURSION = YES;
				CLANG_WARN_INT_CONVERSION = YES;
				CLANG_WARN_NON_LITERAL_NULL_CONVERSION = YES;
				CLANG_WARN_OBJC_IMPLICIT_RETAIN_SELF = YES;
				CLANG_WARN_OBJC_LITERAL_CONVERSION = YES;
				CLANG_WARN_OBJC_ROOT_CLASS = YES_ERROR;
				CLANG_WARN_QUOTED_INCLUDE_IN_FRAMEWORK_HEADER = YES;
				CLANG_WARN_RANGE_LOOP_ANALYSIS = YES;
				CLANG_WARN_STRICT_PROTOTYPES = YES;
				CLANG_WARN_SUSPICIOUS_MOVE = YES;
				CLANG_WARN_UNGUARDED_AVAILABILITY = YES_AGGRESSIVE;
				CLANG_WARN_UNREACHABLE_CODE = YES;
				CLANG_WARN__DUPLICATE_METHOD_MATCH = YES;
				COPY_PHASE_STRIP = NO;
				DEBUG_INFORMATION_FORMAT = "dwarf-with-dsym";
				ENABLE_NS_ASSERTIONS = NO;
				ENABLE_STRICT_OBJC_MSGSEND = YES;
				GCC_C_LANGUAGE_STANDARD = gnu11;
				GCC_NO_COMMON_BLOCKS = YES;
				GCC_WARN_64_TO_32_BIT_CONVERSION = YES;
				GCC_WARN_ABOUT_RETURN_TYPE = YES_ERROR;
				GCC_WARN_UNDECLARED_SELECTOR = YES;
				GCC_WARN_UNINITIALIZED_AUTOS = YES_AGGRESSIVE;
				GCC_WARN_UNUSED_FUNCTION = YES;
				GCC_WARN_UNUSED_VARIABLE = YES;
				IPHONEOS_DEPLOYMENT_TARGET = 14.4;
				MTL_ENABLE_DEBUG_INFO = NO;
				MTL_FAST_MATH = YES;
				SDKROOT = iphoneos;
				SWIFT_COMPILATION_MODE = wholemodule;
				SWIFT_OPTIMIZATION_LEVEL = "-O";
				VALIDATE_PRODUCT = YES;
			};
			name = Release;
		};
		1518B73725EDB787007EDCED /* Debug */ = {
			isa = XCBuildConfiguration;
			buildSettings = {
				ASSETCATALOG_COMPILER_APPICON_NAME = AppIcon;
				ASSETCATALOG_COMPILER_GLOBAL_ACCENT_COLOR_NAME = AccentColor;
				CODE_SIGN_STYLE = Automatic;
				INFOPLIST_FILE = Marvel/Info.plist;
				LD_RUNPATH_SEARCH_PATHS = (
					"$(inherited)",
					"@executable_path/Frameworks",
				);
				PRODUCT_BUNDLE_IDENTIFIER = com.jabinho.Marvel;
				PRODUCT_NAME = "$(TARGET_NAME)";
				SWIFT_VERSION = 5.0;
				TARGETED_DEVICE_FAMILY = "1,2";
			};
			name = Debug;
		};
		1518B73825EDB787007EDCED /* Release */ = {
			isa = XCBuildConfiguration;
			buildSettings = {
				ASSETCATALOG_COMPILER_APPICON_NAME = AppIcon;
				ASSETCATALOG_COMPILER_GLOBAL_ACCENT_COLOR_NAME = AccentColor;
				CODE_SIGN_STYLE = Automatic;
				INFOPLIST_FILE = Marvel/Info.plist;
				LD_RUNPATH_SEARCH_PATHS = (
					"$(inherited)",
					"@executable_path/Frameworks",
				);
				PRODUCT_BUNDLE_IDENTIFIER = com.jabinho.Marvel;
				PRODUCT_NAME = "$(TARGET_NAME)";
				SWIFT_VERSION = 5.0;
				TARGETED_DEVICE_FAMILY = "1,2";
			};
			name = Release;
		};
		1518B73A25EDB787007EDCED /* Debug */ = {
			isa = XCBuildConfiguration;
			buildSettings = {
				ALWAYS_EMBED_SWIFT_STANDARD_LIBRARIES = YES;
				BUNDLE_LOADER = "$(TEST_HOST)";
				CODE_SIGN_STYLE = Automatic;
				INFOPLIST_FILE = MarvelTests/Info.plist;
				IPHONEOS_DEPLOYMENT_TARGET = 14.4;
				LD_RUNPATH_SEARCH_PATHS = (
					"$(inherited)",
					"@executable_path/Frameworks",
					"@loader_path/Frameworks",
				);
				PRODUCT_BUNDLE_IDENTIFIER = com.jabinho.MarvelTests;
				PRODUCT_NAME = "$(TARGET_NAME)";
				SWIFT_VERSION = 5.0;
				TARGETED_DEVICE_FAMILY = "1,2";
				TEST_HOST = "$(BUILT_PRODUCTS_DIR)/Marvel.app/Marvel";
			};
			name = Debug;
		};
		1518B73B25EDB787007EDCED /* Release */ = {
			isa = XCBuildConfiguration;
			buildSettings = {
				ALWAYS_EMBED_SWIFT_STANDARD_LIBRARIES = YES;
				BUNDLE_LOADER = "$(TEST_HOST)";
				CODE_SIGN_STYLE = Automatic;
				INFOPLIST_FILE = MarvelTests/Info.plist;
				IPHONEOS_DEPLOYMENT_TARGET = 14.4;
				LD_RUNPATH_SEARCH_PATHS = (
					"$(inherited)",
					"@executable_path/Frameworks",
					"@loader_path/Frameworks",
				);
				PRODUCT_BUNDLE_IDENTIFIER = com.jabinho.MarvelTests;
				PRODUCT_NAME = "$(TARGET_NAME)";
				SWIFT_VERSION = 5.0;
				TARGETED_DEVICE_FAMILY = "1,2";
				TEST_HOST = "$(BUILT_PRODUCTS_DIR)/Marvel.app/Marvel";
			};
			name = Release;
		};
		1518B73D25EDB787007EDCED /* Debug */ = {
			isa = XCBuildConfiguration;
			buildSettings = {
				ALWAYS_EMBED_SWIFT_STANDARD_LIBRARIES = YES;
				CODE_SIGN_STYLE = Automatic;
				INFOPLIST_FILE = MarvelUITests/Info.plist;
				LD_RUNPATH_SEARCH_PATHS = (
					"$(inherited)",
					"@executable_path/Frameworks",
					"@loader_path/Frameworks",
				);
				PRODUCT_BUNDLE_IDENTIFIER = com.jabinho.MarvelUITests;
				PRODUCT_NAME = "$(TARGET_NAME)";
				SWIFT_VERSION = 5.0;
				TARGETED_DEVICE_FAMILY = "1,2";
				TEST_TARGET_NAME = Marvel;
			};
			name = Debug;
		};
		1518B73E25EDB787007EDCED /* Release */ = {
			isa = XCBuildConfiguration;
			buildSettings = {
				ALWAYS_EMBED_SWIFT_STANDARD_LIBRARIES = YES;
				CODE_SIGN_STYLE = Automatic;
				INFOPLIST_FILE = MarvelUITests/Info.plist;
				LD_RUNPATH_SEARCH_PATHS = (
					"$(inherited)",
					"@executable_path/Frameworks",
					"@loader_path/Frameworks",
				);
				PRODUCT_BUNDLE_IDENTIFIER = com.jabinho.MarvelUITests;
				PRODUCT_NAME = "$(TARGET_NAME)";
				SWIFT_VERSION = 5.0;
				TARGETED_DEVICE_FAMILY = "1,2";
				TEST_TARGET_NAME = Marvel;
			};
			name = Release;
		};
/* End XCBuildConfiguration section */

/* Begin XCConfigurationList section */
		1518B70425EDB785007EDCED /* Build configuration list for PBXProject "Marvel" */ = {
			isa = XCConfigurationList;
			buildConfigurations = (
				1518B73425EDB787007EDCED /* Debug */,
				1518B73525EDB787007EDCED /* Release */,
			);
			defaultConfigurationIsVisible = 0;
			defaultConfigurationName = Release;
		};
		1518B73625EDB787007EDCED /* Build configuration list for PBXNativeTarget "Marvel" */ = {
			isa = XCConfigurationList;
			buildConfigurations = (
				1518B73725EDB787007EDCED /* Debug */,
				1518B73825EDB787007EDCED /* Release */,
			);
			defaultConfigurationIsVisible = 0;
			defaultConfigurationName = Release;
		};
		1518B73925EDB787007EDCED /* Build configuration list for PBXNativeTarget "MarvelTests" */ = {
			isa = XCConfigurationList;
			buildConfigurations = (
				1518B73A25EDB787007EDCED /* Debug */,
				1518B73B25EDB787007EDCED /* Release */,
			);
			defaultConfigurationIsVisible = 0;
			defaultConfigurationName = Release;
		};
		1518B73C25EDB787007EDCED /* Build configuration list for PBXNativeTarget "MarvelUITests" */ = {
			isa = XCConfigurationList;
			buildConfigurations = (
				1518B73D25EDB787007EDCED /* Debug */,
				1518B73E25EDB787007EDCED /* Release */,
			);
			defaultConfigurationIsVisible = 0;
			defaultConfigurationName = Release;
		};
/* End XCConfigurationList section */

/* Begin XCVersionGroup section */
		1518B71525EDB785007EDCED /* Marvel.xcdatamodeld */ = {
			isa = XCVersionGroup;
			children = (
				1518B71625EDB785007EDCED /* Marvel.xcdatamodel */,
			);
			currentVersion = 1518B71625EDB785007EDCED /* Marvel.xcdatamodel */;
			path = Marvel.xcdatamodeld;
			sourceTree = "<group>";
			versionGroupType = wrapper.xcdatamodel;
		};
/* End XCVersionGroup section */
	};
	rootObject = 1518B70125EDB785007EDCED /* Project object */;
}
